
Microsoft Visual Studio Solution File, Format Version 12.00
# Visual Studio Version 17
VisualStudioVersion = 17.0.31903.59
MinimumVisualStudioVersion = 10.0.40219.1
Project("{2150E333-8FDC-42A3-9474-1A3956D46DE8}") = "src", "src", "{827E0CD3-B72D-47B6-A68D-7590B98EB39B}"
EndProject
Project("{2150E333-8FDC-42A3-9474-1A3956D46DE8}") = "CoreMath", "CoreMath", "{F5C0DE0D-67A4-F6C7-DBC7-38CD3A27D640}"
EndProject
Project("{FAE04EC0-301F-11D3-BF4B-00C04F79EFBC}") = "Cubeglass.CoreMath", "src\CoreMath\Cubeglass.CoreMath.csproj", "{A18063AE-BFE7-4AA7-AE86-7BC255438AB2}"
EndProject
Project("{2150E333-8FDC-42A3-9474-1A3956D46DE8}") = "Voxel", "Voxel", "{0301F7B4-79A5-343A-BF96-9AA86F75E503}"
EndProject
Project("{FAE04EC0-301F-11D3-BF4B-00C04F79EFBC}") = "Cubeglass.Voxel", "src\Voxel\Cubeglass.Voxel.csproj", "{1D88416E-21BB-4C99-8767-F3B4206C1EB0}"
EndProject
Project("{2150E333-8FDC-42A3-9474-1A3956D46DE8}") = "Mesh", "Mesh", "{F54DE425-8B80-282F-61EC-4A6C31E59501}"
EndProject
Project("{FAE04EC0-301F-11D3-BF4B-00C04F79EFBC}") = "Cubeglass.Mesh", "src\Mesh\Cubeglass.Mesh.csproj", "{C905E205-01A0-41EC-9258-2274F503B06C}"
EndProject
Project("{2150E333-8FDC-42A3-9474-1A3956D46DE8}") = "Gameplay", "Gameplay", "{72444F8C-0B2E-E628-D8EA-26926F713330}"
EndProject
Project("{FAE04EC0-301F-11D3-BF4B-00C04F79EFBC}") = "Cubeglass.Gameplay", "src\Gameplay\Cubeglass.Gameplay.csproj", "{EBF8C9A6-73F6-4F97-96B3-B45375702E0F}"
EndProject
Project("{2150E333-8FDC-42A3-9474-1A3956D46DE8}") = "Streaming", "Streaming", "{63DD679F-D5E9-4F18-9726-AFE0691F241B}"
EndProject
Project("{FAE04EC0-301F-11D3-BF4B-00C04F79EFBC}") = "Cubeglass.Streaming", "src\Streaming\Cubeglass.Streaming.csproj", "{142B3E39-BE0F-41A6-AE2D-21AC4CDA528A}"
EndProject
Project("{2150E333-8FDC-42A3-9474-1A3956D46DE8}") = "tests", "tests", "{0AB3BF05-4346-4AA6-1389-037BE0695223}"
EndProject
Project("{2150E333-8FDC-42A3-9474-1A3956D46DE8}") = "CoreMath.Tests", "CoreMath.Tests", "{5DC43982-7449-92BC-8991-30A37F01D2DC}"
EndProject
Project("{FAE04EC0-301F-11D3-BF4B-00C04F79EFBC}") = "Cubeglass.CoreMath.Tests", "tests\CoreMath.Tests\Cubeglass.CoreMath.Tests.csproj", "{6891D493-03C5-43B5-B493-94E9317B2FD1}"
EndProject
Project("{2150E333-8FDC-42A3-9474-1A3956D46DE8}") = "Voxel.Tests", "Voxel.Tests", "{010E8B84-D7BE-4A6E-9B3E-CE0964483380}"
EndProject
Project("{FAE04EC0-301F-11D3-BF4B-00C04F79EFBC}") = "Cubeglass.Voxel.Tests", "tests\Voxel.Tests\Cubeglass.Voxel.Tests.csproj", "{F97AA1E0-A40E-487E-98E7-4B16D196E6D6}"
EndProject
Project("{2150E333-8FDC-42A3-9474-1A3956D46DE8}") = "benchmarks", "benchmarks", "{66320409-64EC-F7C5-3DEF-65E7510DAAD1}"
EndProject
Project("{FAE04EC0-301F-11D3-BF4B-00C04F79EFBC}") = "CoreMath.Benchmarks", "benchmarks\CoreMath.Benchmarks\CoreMath.Benchmarks.csproj", "{D7991D0D-F10D-4BDB-8296-64E84ED75523}"
EndProject
Project("{FAE04EC0-301F-11D3-BF4B-00C04F79EFBC}") = "Voxel.Benchmarks", "benchmarks\Voxel.Benchmarks\Voxel.Benchmarks.csproj", "{DE243A14-17B3-4A63-A207-7BC53CC1C1E4}"
EndProject
Project("{2150E333-8FDC-42A3-9474-1A3956D46DE8}") = "Mesh.Tests", "Mesh.Tests", "{438F221D-4F65-B62E-FACB-0AB445532FA7}"
EndProject
Project("{FAE04EC0-301F-11D3-BF4B-00C04F79EFBC}") = "Cubeglass.Mesh.Tests", "tests\Mesh.Tests\Cubeglass.Mesh.Tests.csproj", "{657ECCE0-27B1-4CBE-BA5E-54C4783A7E18}"
EndProject
Project("{FAE04EC0-301F-11D3-BF4B-00C04F79EFBC}") = "Mesh.Benchmarks", "benchmarks\Mesh.Benchmarks\Mesh.Benchmarks.csproj", "{0A3DCCB8-BE32-4750-94CB-3186DC514F36}"
EndProject
Project("{2150E333-8FDC-42A3-9474-1A3956D46DE8}") = "Gameplay.Tests", "Gameplay.Tests", "{11640455-ECE6-10F7-74C7-159A92C10739}"
EndProject
Project("{FAE04EC0-301F-11D3-BF4B-00C04F79EFBC}") = "Cubeglass.Gameplay.Tests", "tests\Gameplay.Tests\Cubeglass.Gameplay.Tests.csproj", "{1B66B723-1512-4939-BD3F-FD57E21822AC}"
EndProject
Project("{2150E333-8FDC-42A3-9474-1A3956D46DE8}") = "Streaming.Tests", "Streaming.Tests", "{A4B2A159-D4A6-4BA0-8666-F49E6AF85731}"
EndProject
Project("{FAE04EC0-301F-11D3-BF4B-00C04F79EFBC}") = "Cubeglass.Streaming.Tests", "tests\Streaming.Tests\Cubeglass.Streaming.Tests.csproj", "{1FC81A6F-7D06-431C-ABB0-8EF270BDCE2C}"
EndProject
Global
	GlobalSection(SolutionConfigurationPlatforms) = preSolution
		Debug|Any CPU = Debug|Any CPU
		Debug|x64 = Debug|x64
		Debug|x86 = Debug|x86
		Release|Any CPU = Release|Any CPU
		Release|x64 = Release|x64
		Release|x86 = Release|x86
	EndGlobalSection
	GlobalSection(ProjectConfigurationPlatforms) = postSolution
		{A18063AE-BFE7-4AA7-AE86-7BC255438AB2}.Debug|Any CPU.ActiveCfg = Debug|Any CPU
		{A18063AE-BFE7-4AA7-AE86-7BC255438AB2}.Debug|Any CPU.Build.0 = Debug|Any CPU
		{A18063AE-BFE7-4AA7-AE86-7BC255438AB2}.Debug|x64.ActiveCfg = Debug|Any CPU
		{A18063AE-BFE7-4AA7-AE86-7BC255438AB2}.Debug|x64.Build.0 = Debug|Any CPU
		{A18063AE-BFE7-4AA7-AE86-7BC255438AB2}.Debug|x86.ActiveCfg = Debug|Any CPU
		{A18063AE-BFE7-4AA7-AE86-7BC255438AB2}.Debug|x86.Build.0 = Debug|Any CPU
		{A18063AE-BFE7-4AA7-AE86-7BC255438AB2}.Release|Any CPU.ActiveCfg = Release|Any CPU
		{A18063AE-BFE7-4AA7-AE86-7BC255438AB2}.Release|Any CPU.Build.0 = Release|Any CPU
		{A18063AE-BFE7-4AA7-AE86-7BC255438AB2}.Release|x64.ActiveCfg = Release|Any CPU
		{A18063AE-BFE7-4AA7-AE86-7BC255438AB2}.Release|x64.Build.0 = Release|Any CPU
		{A18063AE-BFE7-4AA7-AE86-7BC255438AB2}.Release|x86.ActiveCfg = Release|Any CPU
		{A18063AE-BFE7-4AA7-AE86-7BC255438AB2}.Release|x86.Build.0 = Release|Any CPU
		{1D88416E-21BB-4C99-8767-F3B4206C1EB0}.Debug|Any CPU.ActiveCfg = Debug|Any CPU
		{1D88416E-21BB-4C99-8767-F3B4206C1EB0}.Debug|Any CPU.Build.0 = Debug|Any CPU
		{1D88416E-21BB-4C99-8767-F3B4206C1EB0}.Debug|x64.ActiveCfg = Debug|Any CPU
		{1D88416E-21BB-4C99-8767-F3B4206C1EB0}.Debug|x64.Build.0 = Debug|Any CPU
		{1D88416E-21BB-4C99-8767-F3B4206C1EB0}.Debug|x86.ActiveCfg = Debug|Any CPU
		{1D88416E-21BB-4C99-8767-F3B4206C1EB0}.Debug|x86.Build.0 = Debug|Any CPU
		{1D88416E-21BB-4C99-8767-F3B4206C1EB0}.Release|Any CPU.ActiveCfg = Release|Any CPU
		{1D88416E-21BB-4C99-8767-F3B4206C1EB0}.Release|Any CPU.Build.0 = Release|Any CPU
		{1D88416E-21BB-4C99-8767-F3B4206C1EB0}.Release|x64.ActiveCfg = Release|Any CPU
		{1D88416E-21BB-4C99-8767-F3B4206C1EB0}.Release|x64.Build.0 = Release|Any CPU
		{1D88416E-21BB-4C99-8767-F3B4206C1EB0}.Release|x86.ActiveCfg = Release|Any CPU
		{1D88416E-21BB-4C99-8767-F3B4206C1EB0}.Release|x86.Build.0 = Release|Any CPU
		{C905E205-01A0-41EC-9258-2274F503B06C}.Debug|Any CPU.ActiveCfg = Debug|Any CPU
		{C905E205-01A0-41EC-9258-2274F503B06C}.Debug|Any CPU.Build.0 = Debug|Any CPU
		{C905E205-01A0-41EC-9258-2274F503B06C}.Debug|x64.ActiveCfg = Debug|Any CPU
		{C905E205-01A0-41EC-9258-2274F503B06C}.Debug|x64.Build.0 = Debug|Any CPU
		{C905E205-01A0-41EC-9258-2274F503B06C}.Debug|x86.ActiveCfg = Debug|Any CPU
		{C905E205-01A0-41EC-9258-2274F503B06C}.Debug|x86.Build.0 = Debug|Any CPU
		{C905E205-01A0-41EC-9258-2274F503B06C}.Release|Any CPU.ActiveCfg = Release|Any CPU
		{C905E205-01A0-41EC-9258-2274F503B06C}.Release|Any CPU.Build.0 = Release|Any CPU
		{C905E205-01A0-41EC-9258-2274F503B06C}.Release|x64.ActiveCfg = Release|Any CPU
		{C905E205-01A0-41EC-9258-2274F503B06C}.Release|x64.Build.0 = Release|Any CPU
		{C905E205-01A0-41EC-9258-2274F503B06C}.Release|x86.ActiveCfg = Release|Any CPU
		{C905E205-01A0-41EC-9258-2274F503B06C}.Release|x86.Build.0 = Release|Any CPU
		{EBF8C9A6-73F6-4F97-96B3-B45375702E0F}.Debug|Any CPU.ActiveCfg = Debug|Any CPU
		{EBF8C9A6-73F6-4F97-96B3-B45375702E0F}.Debug|Any CPU.Build.0 = Debug|Any CPU
		{EBF8C9A6-73F6-4F97-96B3-B45375702E0F}.Debug|x64.ActiveCfg = Debug|Any CPU
		{EBF8C9A6-73F6-4F97-96B3-B45375702E0F}.Debug|x64.Build.0 = Debug|Any CPU
		{EBF8C9A6-73F6-4F97-96B3-B45375702E0F}.Debug|x86.ActiveCfg = Debug|Any CPU
		{EBF8C9A6-73F6-4F97-96B3-B45375702E0F}.Debug|x86.Build.0 = Debug|Any CPU
		{EBF8C9A6-73F6-4F97-96B3-B45375702E0F}.Release|Any CPU.ActiveCfg = Release|Any CPU
		{EBF8C9A6-73F6-4F97-96B3-B45375702E0F}.Release|Any CPU.Build.0 = Release|Any CPU
		{EBF8C9A6-73F6-4F97-96B3-B45375702E0F}.Release|x64.ActiveCfg = Release|Any CPU
		{EBF8C9A6-73F6-4F97-96B3-B45375702E0F}.Release|x64.Build.0 = Release|Any CPU
		{EBF8C9A6-73F6-4F97-96B3-B45375702E0F}.Release|x86.ActiveCfg = Release|Any CPU
		{EBF8C9A6-73F6-4F97-96B3-B45375702E0F}.Release|x86.Build.0 = Release|Any CPU
		{142B3E39-BE0F-41A6-AE2D-21AC4CDA528A}.Debug|Any CPU.ActiveCfg = Debug|Any CPU
		{142B3E39-BE0F-41A6-AE2D-21AC4CDA528A}.Debug|Any CPU.Build.0 = Debug|Any CPU
		{142B3E39-BE0F-41A6-AE2D-21AC4CDA528A}.Debug|x64.ActiveCfg = Debug|Any CPU
		{142B3E39-BE0F-41A6-AE2D-21AC4CDA528A}.Debug|x64.Build.0 = Debug|Any CPU
		{142B3E39-BE0F-41A6-AE2D-21AC4CDA528A}.Debug|x86.ActiveCfg = Debug|Any CPU
		{142B3E39-BE0F-41A6-AE2D-21AC4CDA528A}.Debug|x86.Build.0 = Debug|Any CPU
		{142B3E39-BE0F-41A6-AE2D-21AC4CDA528A}.Release|Any CPU.ActiveCfg = Release|Any CPU
		{142B3E39-BE0F-41A6-AE2D-21AC4CDA528A}.Release|Any CPU.Build.0 = Release|Any CPU
		{142B3E39-BE0F-41A6-AE2D-21AC4CDA528A}.Release|x64.ActiveCfg = Release|Any CPU
		{142B3E39-BE0F-41A6-AE2D-21AC4CDA528A}.Release|x64.Build.0 = Release|Any CPU
		{142B3E39-BE0F-41A6-AE2D-21AC4CDA528A}.Release|x86.ActiveCfg = Release|Any CPU
		{142B3E39-BE0F-41A6-AE2D-21AC4CDA528A}.Release|x86.Build.0 = Release|Any CPU
		{6891D493-03C5-43B5-B493-94E9317B2FD1}.Debug|Any CPU.ActiveCfg = Debug|Any CPU
		{6891D493-03C5-43B5-B493-94E9317B2FD1}.Debug|Any CPU.Build.0 = Debug|Any CPU
		{6891D493-03C5-43B5-B493-94E9317B2FD1}.Debug|x64.ActiveCfg = Debug|Any CPU
		{6891D493-03C5-43B5-B493-94E9317B2FD1}.Debug|x64.Build.0 = Debug|Any CPU
		{6891D493-03C5-43B5-B493-94E9317B2FD1}.Debug|x86.ActiveCfg = Debug|Any CPU
		{6891D493-03C5-43B5-B493-94E9317B2FD1}.Debug|x86.Build.0 = Debug|Any CPU
		{6891D493-03C5-43B5-B493-94E9317B2FD1}.Release|Any CPU.ActiveCfg = Release|Any CPU
		{6891D493-03C5-43B5-B493-94E9317B2FD1}.Release|Any CPU.Build.0 = Release|Any CPU
		{6891D493-03C5-43B5-B493-94E9317B2FD1}.Release|x64.ActiveCfg = Release|Any CPU
		{6891D493-03C5-43B5-B493-94E9317B2FD1}.Release|x64.Build.0 = Release|Any CPU
		{6891D493-03C5-43B5-B493-94E9317B2FD1}.Release|x86.ActiveCfg = Release|Any CPU
		{6891D493-03C5-43B5-B493-94E9317B2FD1}.Release|x86.Build.0 = Release|Any CPU
		{F97AA1E0-A40E-487E-98E7-4B16D196E6D6}.Debug|Any CPU.ActiveCfg = Debug|Any CPU
		{F97AA1E0-A40E-487E-98E7-4B16D196E6D6}.Debug|Any CPU.Build.0 = Debug|Any CPU
		{F97AA1E0-A40E-487E-98E7-4B16D196E6D6}.Debug|x64.ActiveCfg = Debug|Any CPU
		{F97AA1E0-A40E-487E-98E7-4B16D196E6D6}.Debug|x64.Build.0 = Debug|Any CPU
		{F97AA1E0-A40E-487E-98E7-4B16D196E6D6}.Debug|x86.ActiveCfg = Debug|Any CPU
		{F97AA1E0-A40E-487E-98E7-4B16D196E6D6}.Debug|x86.Build.0 = Debug|Any CPU
		{F97AA1E0-A40E-487E-98E7-4B16D196E6D6}.Release|Any CPU.ActiveCfg = Release|Any CPU
		{F97AA1E0-A40E-487E-98E7-4B16D196E6D6}.Release|Any CPU.Build.0 = Release|Any CPU
		{F97AA1E0-A40E-487E-98E7-4B16D196E6D6}.Release|x64.ActiveCfg = Release|Any CPU
		{F97AA1E0-A40E-487E-98E7-4B16D196E6D6}.Release|x64.Build.0 = Release|Any CPU
		{F97AA1E0-A40E-487E-98E7-4B16D196E6D6}.Release|x86.ActiveCfg = Release|Any CPU
		{F97AA1E0-A40E-487E-98E7-4B16D196E6D6}.Release|x86.Build.0 = Release|Any CPU
		{D7991D0D-F10D-4BDB-8296-64E84ED75523}.Debug|Any CPU.ActiveCfg = Debug|Any CPU
		{D7991D0D-F10D-4BDB-8296-64E84ED75523}.Debug|Any CPU.Build.0 = Debug|Any CPU
		{D7991D0D-F10D-4BDB-8296-64E84ED75523}.Debug|x64.ActiveCfg = Debug|Any CPU
		{D7991D0D-F10D-4BDB-8296-64E84ED75523}.Debug|x64.Build.0 = Debug|Any CPU
		{D7991D0D-F10D-4BDB-8296-64E84ED75523}.Debug|x86.ActiveCfg = Debug|Any CPU
		{D7991D0D-F10D-4BDB-8296-64E84ED75523}.Debug|x86.Build.0 = Debug|Any CPU
		{D7991D0D-F10D-4BDB-8296-64E84ED75523}.Release|Any CPU.ActiveCfg = Release|Any CPU
		{D7991D0D-F10D-4BDB-8296-64E84ED75523}.Release|Any CPU.Build.0 = Release|Any CPU
		{D7991D0D-F10D-4BDB-8296-64E84ED75523}.Release|x64.ActiveCfg = Release|Any CPU
		{D7991D0D-F10D-4BDB-8296-64E84ED75523}.Release|x64.Build.0 = Release|Any CPU
		{D7991D0D-F10D-4BDB-8296-64E84ED75523}.Release|x86.ActiveCfg = Release|Any CPU
		{D7991D0D-F10D-4BDB-8296-64E84ED75523}.Release|x86.Build.0 = Release|Any CPU
		{DE243A14-17B3-4A63-A207-7BC53CC1C1E4}.Debug|Any CPU.ActiveCfg = Debug|Any CPU
		{DE243A14-17B3-4A63-A207-7BC53CC1C1E4}.Debug|Any CPU.Build.0 = Debug|Any CPU
		{DE243A14-17B3-4A63-A207-7BC53CC1C1E4}.Debug|x64.ActiveCfg = Debug|Any CPU
		{DE243A14-17B3-4A63-A207-7BC53CC1C1E4}.Debug|x64.Build.0 = Debug|Any CPU
		{DE243A14-17B3-4A63-A207-7BC53CC1C1E4}.Debug|x86.ActiveCfg = Debug|Any CPU
		{DE243A14-17B3-4A63-A207-7BC53CC1C1E4}.Debug|x86.Build.0 = Debug|Any CPU
		{DE243A14-17B3-4A63-A207-7BC53CC1C1E4}.Release|Any CPU.ActiveCfg = Release|Any CPU
		{DE243A14-17B3-4A63-A207-7BC53CC1C1E4}.Release|Any CPU.Build.0 = Release|Any CPU
		{DE243A14-17B3-4A63-A207-7BC53CC1C1E4}.Release|x64.ActiveCfg = Release|Any CPU
		{DE243A14-17B3-4A63-A207-7BC53CC1C1E4}.Release|x64.Build.0 = Release|Any CPU
		{DE243A14-17B3-4A63-A207-7BC53CC1C1E4}.Release|x86.ActiveCfg = Release|Any CPU
		{DE243A14-17B3-4A63-A207-7BC53CC1C1E4}.Release|x86.Build.0 = Release|Any CPU
		{657ECCE0-27B1-4CBE-BA5E-54C4783A7E18}.Debug|Any CPU.ActiveCfg = Debug|Any CPU
		{657ECCE0-27B1-4CBE-BA5E-54C4783A7E18}.Debug|Any CPU.Build.0 = Debug|Any CPU
		{657ECCE0-27B1-4CBE-BA5E-54C4783A7E18}.Debug|x64.ActiveCfg = Debug|Any CPU
		{657ECCE0-27B1-4CBE-BA5E-54C4783A7E18}.Debug|x64.Build.0 = Debug|Any CPU
		{657ECCE0-27B1-4CBE-BA5E-54C4783A7E18}.Debug|x86.ActiveCfg = Debug|Any CPU
		{657ECCE0-27B1-4CBE-BA5E-54C4783A7E18}.Debug|x86.Build.0 = Debug|Any CPU
		{657ECCE0-27B1-4CBE-BA5E-54C4783A7E18}.Release|Any CPU.ActiveCfg = Release|Any CPU
		{657ECCE0-27B1-4CBE-BA5E-54C4783A7E18}.Release|Any CPU.Build.0 = Release|Any CPU
		{657ECCE0-27B1-4CBE-BA5E-54C4783A7E18}.Release|x64.ActiveCfg = Release|Any CPU
		{657ECCE0-27B1-4CBE-BA5E-54C4783A7E18}.Release|x64.Build.0 = Release|Any CPU
		{657ECCE0-27B1-4CBE-BA5E-54C4783A7E18}.Release|x86.ActiveCfg = Release|Any CPU
		{657ECCE0-27B1-4CBE-BA5E-54C4783A7E18}.Release|x86.Build.0 = Release|Any CPU
		{0A3DCCB8-BE32-4750-94CB-3186DC514F36}.Debug|Any CPU.ActiveCfg = Debug|Any CPU
		{0A3DCCB8-BE32-4750-94CB-3186DC514F36}.Debug|Any CPU.Build.0 = Debug|Any CPU
		{0A3DCCB8-BE32-4750-94CB-3186DC514F36}.Debug|x64.ActiveCfg = Debug|Any CPU
		{0A3DCCB8-BE32-4750-94CB-3186DC514F36}.Debug|x64.Build.0 = Debug|Any CPU
		{0A3DCCB8-BE32-4750-94CB-3186DC514F36}.Debug|x86.ActiveCfg = Debug|Any CPU
		{0A3DCCB8-BE32-4750-94CB-3186DC514F36}.Debug|x86.Build.0 = Debug|Any CPU
		{0A3DCCB8-BE32-4750-94CB-3186DC514F36}.Release|Any CPU.ActiveCfg = Release|Any CPU
		{0A3DCCB8-BE32-4750-94CB-3186DC514F36}.Release|Any CPU.Build.0 = Release|Any CPU
		{0A3DCCB8-BE32-4750-94CB-3186DC514F36}.Release|x64.ActiveCfg = Release|Any CPU
		{0A3DCCB8-BE32-4750-94CB-3186DC514F36}.Release|x64.Build.0 = Release|Any CPU
		{0A3DCCB8-BE32-4750-94CB-3186DC514F36}.Release|x86.ActiveCfg = Release|Any CPU
		{0A3DCCB8-BE32-4750-94CB-3186DC514F36}.Release|x86.Build.0 = Release|Any CPU
		{1B66B723-1512-4939-BD3F-FD57E21822AC}.Debug|Any CPU.ActiveCfg = Debug|Any CPU
		{1B66B723-1512-4939-BD3F-FD57E21822AC}.Debug|Any CPU.Build.0 = Debug|Any CPU
		{1B66B723-1512-4939-BD3F-FD57E21822AC}.Debug|x64.ActiveCfg = Debug|Any CPU
		{1B66B723-1512-4939-BD3F-FD57E21822AC}.Debug|x64.Build.0 = Debug|Any CPU
		{1B66B723-1512-4939-BD3F-FD57E21822AC}.Debug|x86.ActiveCfg = Debug|Any CPU
		{1B66B723-1512-4939-BD3F-FD57E21822AC}.Debug|x86.Build.0 = Debug|Any CPU
		{1B66B723-1512-4939-BD3F-FD57E21822AC}.Release|Any CPU.ActiveCfg = Release|Any CPU
		{1B66B723-1512-4939-BD3F-FD57E21822AC}.Release|Any CPU.Build.0 = Release|Any CPU
		{1B66B723-1512-4939-BD3F-FD57E21822AC}.Release|x64.ActiveCfg = Release|Any CPU
		{1B66B723-1512-4939-BD3F-FD57E21822AC}.Release|x64.Build.0 = Release|Any CPU
		{1B66B723-1512-4939-BD3F-FD57E21822AC}.Release|x86.ActiveCfg = Release|Any CPU
		{1B66B723-1512-4939-BD3F-FD57E21822AC}.Release|x86.Build.0 = Release|Any CPU
		{1FC81A6F-7D06-431C-ABB0-8EF270BDCE2C}.Debug|Any CPU.ActiveCfg = Debug|Any CPU
		{1FC81A6F-7D06-431C-ABB0-8EF270BDCE2C}.Debug|Any CPU.Build.0 = Debug|Any CPU
		{1FC81A6F-7D06-431C-ABB0-8EF270BDCE2C}.Debug|x64.ActiveCfg = Debug|Any CPU
		{1FC81A6F-7D06-431C-ABB0-8EF270BDCE2C}.Debug|x64.Build.0 = Debug|Any CPU
		{1FC81A6F-7D06-431C-ABB0-8EF270BDCE2C}.Debug|x86.ActiveCfg = Debug|Any CPU
		{1FC81A6F-7D06-431C-ABB0-8EF270BDCE2C}.Debug|x86.Build.0 = Debug|Any CPU
		{1FC81A6F-7D06-431C-ABB0-8EF270BDCE2C}.Release|Any CPU.ActiveCfg = Release|Any CPU
		{1FC81A6F-7D06-431C-ABB0-8EF270BDCE2C}.Release|Any CPU.Build.0 = Release|Any CPU
		{1FC81A6F-7D06-431C-ABB0-8EF270BDCE2C}.Release|x64.ActiveCfg = Release|Any CPU
		{1FC81A6F-7D06-431C-ABB0-8EF270BDCE2C}.Release|x64.Build.0 = Release|Any CPU
		{1FC81A6F-7D06-431C-ABB0-8EF270BDCE2C}.Release|x86.ActiveCfg = Release|Any CPU
		{1FC81A6F-7D06-431C-ABB0-8EF270BDCE2C}.Release|x86.Build.0 = Release|Any CPU
	EndGlobalSection
	GlobalSection(SolutionProperties) = preSolution
		HideSolutionNode = FALSE
	EndGlobalSection
	GlobalSection(NestedProjects) = preSolution
		{F5C0DE0D-67A4-F6C7-DBC7-38CD3A27D640} = {827E0CD3-B72D-47B6-A68D-7590B98EB39B}
		{A18063AE-BFE7-4AA7-AE86-7BC255438AB2} = {F5C0DE0D-67A4-F6C7-DBC7-38CD3A27D640}
		{0301F7B4-79A5-343A-BF96-9AA86F75E503} = {827E0CD3-B72D-47B6-A68D-7590B98EB39B}
		{1D88416E-21BB-4C99-8767-F3B4206C1EB0} = {0301F7B4-79A5-343A-BF96-9AA86F75E503}
		{F54DE425-8B80-282F-61EC-4A6C31E59501} = {827E0CD3-B72D-47B6-A68D-7590B98EB39B}
		{C905E205-01A0-41EC-9258-2274F503B06C} = {F54DE425-8B80-282F-61EC-4A6C31E59501}
		{72444F8C-0B2E-E628-D8EA-26926F713330} = {827E0CD3-B72D-47B6-A68D-7590B98EB39B}
		{EBF8C9A6-73F6-4F97-96B3-B45375702E0F} = {72444F8C-0B2E-E628-D8EA-26926F713330}
		{5DC43982-7449-92BC-8991-30A37F01D2DC} = {0AB3BF05-4346-4AA6-1389-037BE0695223}
		{6891D493-03C5-43B5-B493-94E9317B2FD1} = {5DC43982-7449-92BC-8991-30A37F01D2DC}
		{010E8B84-D7BE-4A6E-9B3E-CE0964483380} = {0AB3BF05-4346-4AA6-1389-037BE0695223}
		{F97AA1E0-A40E-487E-98E7-4B16D196E6D6} = {010E8B84-D7BE-4A6E-9B3E-CE0964483380}
		{D7991D0D-F10D-4BDB-8296-64E84ED75523} = {66320409-64EC-F7C5-3DEF-65E7510DAAD1}
		{DE243A14-17B3-4A63-A207-7BC53CC1C1E4} = {66320409-64EC-F7C5-3DEF-65E7510DAAD1}
		{438F221D-4F65-B62E-FACB-0AB445532FA7} = {0AB3BF05-4346-4AA6-1389-037BE0695223}
		{657ECCE0-27B1-4CBE-BA5E-54C4783A7E18} = {438F221D-4F65-B62E-FACB-0AB445532FA7}
		{0A3DCCB8-BE32-4750-94CB-3186DC514F36} = {66320409-64EC-F7C5-3DEF-65E7510DAAD1}
		{11640455-ECE6-10F7-74C7-159A92C10739} = {0AB3BF05-4346-4AA6-1389-037BE0695223}
		{1B66B723-1512-4939-BD3F-FD57E21822AC} = {11640455-ECE6-10F7-74C7-159A92C10739}
		{63DD679F-D5E9-4F18-9726-AFE0691F241B} = {827E0CD3-B72D-47B6-A68D-7590B98EB39B}
		{142B3E39-BE0F-41A6-AE2D-21AC4CDA528A} = {63DD679F-D5E9-4F18-9726-AFE0691F241B}
		{A4B2A159-D4A6-4BA0-8666-F49E6AF85731} = {0AB3BF05-4346-4AA6-1389-037BE0695223}
		{1FC81A6F-7D06-431C-ABB0-8EF270BDCE2C} = {A4B2A159-D4A6-4BA0-8666-F49E6AF85731}
	EndGlobalSection
EndGlobal
